// !$*UTF8*$!
{
	archiveVersion = 1;
	classes = {
	};
	objectVersion = 56;
	objects = {

/* Begin PBXBuildFile section */
		4939128E2D966AB6004BD81A /* OFRT_SwiftApp.swift in Sources */ = {isa = PBXBuildFile; fileRef = 4939128D2D966AB6004BD81A /* OFRT_SwiftApp.swift */; };
		493912902D966AB6004BD81A /* ContentView.swift in Sources */ = {isa = PBXBuildFile; fileRef = 4939128F2D966AB6004BD81A /* ContentView.swift */; };
		493912922D966ABA004BD81A /* Assets.xcassets in Resources */ = {isa = PBXBuildFile; fileRef = 493912912D966ABA004BD81A /* Assets.xcassets */; };
		493912952D966ABA004BD81A /* Preview Assets.xcassets in Resources */ = {isa = PBXBuildFile; fileRef = 493912942D966ABA004BD81A /* Preview Assets.xcassets */; };
		4939129F2D966ABB004BD81A /* OFRT_SwiftTests.swift in Sources */ = {isa = PBXBuildFile; fileRef = 4939129E2D966ABB004BD81A /* OFRT_SwiftTests.swift */; };
		493912A92D966ABB004BD81A /* OFRT_SwiftUITests.swift in Sources */ = {isa = PBXBuildFile; fileRef = 493912A82D966ABB004BD81A /* OFRT_SwiftUITests.swift */; };
		493912AB2D966ABB004BD81A /* OFRT_SwiftUITestsLaunchTests.swift in Sources */ = {isa = PBXBuildFile; fileRef = 493912AA2D966ABB004BD81A /* OFRT_SwiftUITestsLaunchTests.swift */; };
		493912B82D966B5C004BD81A /* ScreenTimeoutManager.swift in Sources */ = {isa = PBXBuildFile; fileRef = 493912B72D966B5B004BD81A /* ScreenTimeoutManager.swift */; };
		493912BA2D967338004BD81A /* LocalizationManager.swift in Sources */ = {isa = PBXBuildFile; fileRef = 493912B92D967338004BD81A /* LocalizationManager.swift */; };
/* End PBXBuildFile section */

/* Begin PBXContainerItemProxy section */
		4939129B2D966ABB004BD81A /* PBXContainerItemProxy */ = {
			isa = PBXContainerItemProxy;
			containerPortal = 493912822D966AB6004BD81A /* Project object */;
			proxyType = 1;
			remoteGlobalIDString = 493912892D966AB6004BD81A;
			remoteInfo = OFRT_Swift;
		};
		493912A52D966ABB004BD81A /* PBXContainerItemProxy */ = {
			isa = PBXContainerItemProxy;
			containerPortal = 493912822D966AB6004BD81A /* Project object */;
			proxyType = 1;
			remoteGlobalIDString = 493912892D966AB6004BD81A;
			remoteInfo = OFRT_Swift;
		};
/* End PBXContainerItemProxy section */

/* Begin PBXFileReference section */
		4939128A2D966AB6004BD81A /* OFRT_Swift.app */ = {isa = PBXFileReference; explicitFileType = wrapper.application; includeInIndex = 0; path = OFRT_Swift.app; sourceTree = BUILT_PRODUCTS_DIR; };
		4939128D2D966AB6004BD81A /* OFRT_SwiftApp.swift */ = {isa = PBXFileReference; lastKnownFileType = sourcecode.swift; path = OFRT_SwiftApp.swift; sourceTree = "<group>"; };
		4939128F2D966AB6004BD81A /* ContentView.swift */ = {isa = PBXFileReference; lastKnownFileType = sourcecode.swift; path = ContentView.swift; sourceTree = "<group>"; };
		493912912D966ABA004BD81A /* Assets.xcassets */ = {isa = PBXFileReference; lastKnownFileType = folder.assetcatalog; path = Assets.xcassets; sourceTree = "<group>"; };
		493912942D966ABA004BD81A /* Preview Assets.xcassets */ = {isa = PBXFileReference; lastKnownFileType = folder.assetcatalog; path = "Preview Assets.xcassets"; sourceTree = "<group>"; };
		4939129A2D966ABB004BD81A /* OFRT_SwiftTests.xctest */ = {isa = PBXFileReference; explicitFileType = wrapper.cfbundle; includeInIndex = 0; path = OFRT_SwiftTests.xctest; sourceTree = BUILT_PRODUCTS_DIR; };
		4939129E2D966ABB004BD81A /* OFRT_SwiftTests.swift */ = {isa = PBXFileReference; lastKnownFileType = sourcecode.swift; path = OFRT_SwiftTests.swift; sourceTree = "<group>"; };
		493912A42D966ABB004BD81A /* OFRT_SwiftUITests.xctest */ = {isa = PBXFileReference; explicitFileType = wrapper.cfbundle; includeInIndex = 0; path = OFRT_SwiftUITests.xctest; sourceTree = BUILT_PRODUCTS_DIR; };
		493912A82D966ABB004BD81A /* OFRT_SwiftUITests.swift */ = {isa = PBXFileReference; lastKnownFileType = sourcecode.swift; path = OFRT_SwiftUITests.swift; sourceTree = "<group>"; };
		493912AA2D966ABB004BD81A /* OFRT_SwiftUITestsLaunchTests.swift */ = {isa = PBXFileReference; lastKnownFileType = sourcecode.swift; path = OFRT_SwiftUITestsLaunchTests.swift; sourceTree = "<group>"; };
		493912B72D966B5B004BD81A /* ScreenTimeoutManager.swift */ = {isa = PBXFileReference; lastKnownFileType = sourcecode.swift; path = ScreenTimeoutManager.swift; sourceTree = "<group>"; };
		493912B92D967338004BD81A /* LocalizationManager.swift */ = {isa = PBXFileReference; lastKnownFileType = sourcecode.swift; path = LocalizationManager.swift; sourceTree = "<group>"; };
/* End PBXFileReference section */

/* Begin PBXFrameworksBuildPhase section */
		493912872D966AB6004BD81A /* Frameworks */ = {
			isa = PBXFrameworksBuildPhase;
			buildActionMask = 2147483647;
			files = (
			);
			runOnlyForDeploymentPostprocessing = 0;
		};
		493912972D966ABB004BD81A /* Frameworks */ = {
			isa = PBXFrameworksBuildPhase;
			buildActionMask = 2147483647;
			files = (
			);
			runOnlyForDeploymentPostprocessing = 0;
		};
		493912A12D966ABB004BD81A /* Frameworks */ = {
			isa = PBXFrameworksBuildPhase;
			buildActionMask = 2147483647;
			files = (
			);
			runOnlyForDeploymentPostprocessing = 0;
		};
/* End PBXFrameworksBuildPhase section */

/* Begin PBXGroup section */
		493912812D966AB6004BD81A = {
			isa = PBXGroup;
			children = (
				493912B92D967338004BD81A /* LocalizationManager.swift */,
				493912B72D966B5B004BD81A /* ScreenTimeoutManager.swift */,
				4939128C2D966AB6004BD81A /* OFRT_Swift */,
				4939129D2D966ABB004BD81A /* OFRT_SwiftTests */,
				493912A72D966ABB004BD81A /* OFRT_SwiftUITests */,
				4939128B2D966AB6004BD81A /* Products */,
			);
			sourceTree = "<group>";
		};
		4939128B2D966AB6004BD81A /* Products */ = {
			isa = PBXGroup;
			children = (
				4939128A2D966AB6004BD81A /* OFRT_Swift.app */,
				4939129A2D966ABB004BD81A /* OFRT_SwiftTests.xctest */,
				493912A42D966ABB004BD81A /* OFRT_SwiftUITests.xctest */,
			);
			name = Products;
			sourceTree = "<group>";
		};
		4939128C2D966AB6004BD81A /* OFRT_Swift */ = {
			isa = PBXGroup;
			children = (
				4939128D2D966AB6004BD81A /* OFRT_SwiftApp.swift */,
				4939128F2D966AB6004BD81A /* ContentView.swift */,
				493912912D966ABA004BD81A /* Assets.xcassets */,
				493912932D966ABA004BD81A /* Preview Content */,
			);
			path = OFRT_Swift;
			sourceTree = "<group>";
		};
		493912932D966ABA004BD81A /* Preview Content */ = {
			isa = PBXGroup;
			children = (
				493912942D966ABA004BD81A /* Preview Assets.xcassets */,
			);
			path = "Preview Content";
			sourceTree = "<group>";
		};
		4939129D2D966ABB004BD81A /* OFRT_SwiftTests */ = {
			isa = PBXGroup;
			children = (
				4939129E2D966ABB004BD81A /* OFRT_SwiftTests.swift */,
			);
			path = OFRT_SwiftTests;
			sourceTree = "<group>";
		};
		493912A72D966ABB004BD81A /* OFRT_SwiftUITests */ = {
			isa = PBXGroup;
			children = (
				493912A82D966ABB004BD81A /* OFRT_SwiftUITests.swift */,
				493912AA2D966ABB004BD81A /* OFRT_SwiftUITestsLaunchTests.swift */,
			);
			path = OFRT_SwiftUITests;
			sourceTree = "<group>";
		};
/* End PBXGroup section */

/* Begin PBXNativeTarget section */
		493912892D966AB6004BD81A /* OFRT_Swift */ = {
			isa = PBXNativeTarget;
			buildConfigurationList = 493912AE2D966ABB004BD81A /* Build configuration list for PBXNativeTarget "OFRT_Swift" */;
			buildPhases = (
				493912862D966AB6004BD81A /* Sources */,
				493912872D966AB6004BD81A /* Frameworks */,
				493912882D966AB6004BD81A /* Resources */,
			);
			buildRules = (
			);
			dependencies = (
			);
			name = OFRT_Swift;
			productName = OFRT_Swift;
			productReference = 4939128A2D966AB6004BD81A /* OFRT_Swift.app */;
			productType = "com.apple.product-type.application";
		};
		493912992D966ABB004BD81A /* OFRT_SwiftTests */ = {
			isa = PBXNativeTarget;
			buildConfigurationList = 493912B12D966ABB004BD81A /* Build configuration list for PBXNativeTarget "OFRT_SwiftTests" */;
			buildPhases = (
				493912962D966ABB004BD81A /* Sources */,
				493912972D966ABB004BD81A /* Frameworks */,
				493912982D966ABB004BD81A /* Resources */,
			);
			buildRules = (
			);
			dependencies = (
				4939129C2D966ABB004BD81A /* PBXTargetDependency */,
			);
			name = OFRT_SwiftTests;
			productName = OFRT_SwiftTests;
			productReference = 4939129A2D966ABB004BD81A /* OFRT_SwiftTests.xctest */;
			productType = "com.apple.product-type.bundle.unit-test";
		};
		493912A32D966ABB004BD81A /* OFRT_SwiftUITests */ = {
			isa = PBXNativeTarget;
			buildConfigurationList = 493912B42D966ABB004BD81A /* Build configuration list for PBXNativeTarget "OFRT_SwiftUITests" */;
			buildPhases = (
				493912A02D966ABB004BD81A /* Sources */,
				493912A12D966ABB004BD81A /* Frameworks */,
				493912A22D966ABB004BD81A /* Resources */,
			);
			buildRules = (
			);
			dependencies = (
				493912A62D966ABB004BD81A /* PBXTargetDependency */,
			);
			name = OFRT_SwiftUITests;
			productName = OFRT_SwiftUITests;
			productReference = 493912A42D966ABB004BD81A /* OFRT_SwiftUITests.xctest */;
			productType = "com.apple.product-type.bundle.ui-testing";
		};
/* End PBXNativeTarget section */

/* Begin PBXProject section */
		493912822D966AB6004BD81A /* Project object */ = {
			isa = PBXProject;
			attributes = {
				BuildIndependentTargetsInParallel = 1;
				LastSwiftUpdateCheck = 1420;
				LastUpgradeCheck = 1420;
				TargetAttributes = {
					493912892D966AB6004BD81A = {
						CreatedOnToolsVersion = 14.2;
					};
					493912992D966ABB004BD81A = {
						CreatedOnToolsVersion = 14.2;
						TestTargetID = 493912892D966AB6004BD81A;
					};
					493912A32D966ABB004BD81A = {
						CreatedOnToolsVersion = 14.2;
						TestTargetID = 493912892D966AB6004BD81A;
					};
				};
			};
			buildConfigurationList = 493912852D966AB6004BD81A /* Build configuration list for PBXProject "OFRT_Swift" */;
			compatibilityVersion = "Xcode 14.0";
			developmentRegion = en;
			hasScannedForEncodings = 0;
			knownRegions = (
				en,
				Base,
			);
			mainGroup = 493912812D966AB6004BD81A;
			productRefGroup = 4939128B2D966AB6004BD81A /* Products */;
			projectDirPath = "";
			projectRoot = "";
			targets = (
				493912892D966AB6004BD81A /* OFRT_Swift */,
				493912992D966ABB004BD81A /* OFRT_SwiftTests */,
				493912A32D966ABB004BD81A /* OFRT_SwiftUITests */,
			);
		};
/* End PBXProject section */

/* Begin PBXResourcesBuildPhase section */
		493912882D966AB6004BD81A /* Resources */ = {
			isa = PBXResourcesBuildPhase;
			buildActionMask = 2147483647;
			files = (
				493912952D966ABA004BD81A /* Preview Assets.xcassets in Resources */,
				493912922D966ABA004BD81A /* Assets.xcassets in Resources */,
			);
			runOnlyForDeploymentPostprocessing = 0;
		};
		493912982D966ABB004BD81A /* Resources */ = {
			isa = PBXResourcesBuildPhase;
			buildActionMask = 2147483647;
			files = (
			);
			runOnlyForDeploymentPostprocessing = 0;
		};
		493912A22D966ABB004BD81A /* Resources */ = {
			isa = PBXResourcesBuildPhase;
			buildActionMask = 2147483647;
			files = (
			);
			runOnlyForDeploymentPostprocessing = 0;
		};
/* End PBXResourcesBuildPhase section */

/* Begin PBXSourcesBuildPhase section */
		493912862D966AB6004BD81A /* Sources */ = {
			isa = PBXSourcesBuildPhase;
			buildActionMask = 2147483647;
			files = (
				493912BA2D967338004BD81A /* LocalizationManager.swift in Sources */,
				493912902D966AB6004BD81A /* ContentView.swift in Sources */,
				4939128E2D966AB6004BD81A /* OFRT_SwiftApp.swift in Sources */,
				493912B82D966B5C004BD81A /* ScreenTimeoutManager.swift in Sources */,
			);
			runOnlyForDeploymentPostprocessing = 0;
		};
		493912962D966ABB004BD81A /* Sources */ = {
			isa = PBXSourcesBuildPhase;
			buildActionMask = 2147483647;
			files = (
				4939129F2D966ABB004BD81A /* OFRT_SwiftTests.swift in Sources */,
			);
			runOnlyForDeploymentPostprocessing = 0;
		};
		493912A02D966ABB004BD81A /* Sources */ = {
			isa = PBXSourcesBuildPhase;
			buildActionMask = 2147483647;
			files = (
				493912A92D966ABB004BD81A /* OFRT_SwiftUITests.swift in Sources */,
				493912AB2D966ABB004BD81A /* OFRT_SwiftUITestsLaunchTests.swift in Sources */,
			);
			runOnlyForDeploymentPostprocessing = 0;
		};
/* End PBXSourcesBuildPhase section */

/* Begin PBXTargetDependency section */
		4939129C2D966ABB004BD81A /* PBXTargetDependency */ = {
			isa = PBXTargetDependency;
			target = 493912892D966AB6004BD81A /* OFRT_Swift */;
			targetProxy = 4939129B2D966ABB004BD81A /* PBXContainerItemProxy */;
		};
		493912A62D966ABB004BD81A /* PBXTargetDependency */ = {
			isa = PBXTargetDependency;
			target = 493912892D966AB6004BD81A /* OFRT_Swift */;
			targetProxy = 493912A52D966ABB004BD81A /* PBXContainerItemProxy */;
		};
/* End PBXTargetDependency section */

/* Begin XCBuildConfiguration section */
		493912AC2D966ABB004BD81A /* Debug */ = {
			isa = XCBuildConfiguration;
			buildSettings = {
				ALWAYS_SEARCH_USER_PATHS = NO;
				CLANG_ANALYZER_NONNULL = YES;
				CLANG_ANALYZER_NUMBER_OBJECT_CONVERSION = YES_AGGRESSIVE;
				CLANG_CXX_LANGUAGE_STANDARD = "gnu++20";
				CLANG_ENABLE_MODULES = YES;
				CLANG_ENABLE_OBJC_ARC = YES;
				CLANG_ENABLE_OBJC_WEAK = YES;
				CLANG_WARN_BLOCK_CAPTURE_AUTORELEASING = YES;
				CLANG_WARN_BOOL_CONVERSION = YES;
				CLANG_WARN_COMMA = YES;
				CLANG_WARN_CONSTANT_CONVERSION = YES;
				CLANG_WARN_DEPRECATED_OBJC_IMPLEMENTATIONS = YES;
				CLANG_WARN_DIRECT_OBJC_ISA_USAGE = YES_ERROR;
				CLANG_WARN_DOCUMENTATION_COMMENTS = YES;
				CLANG_WARN_EMPTY_BODY = YES;
				CLANG_WARN_ENUM_CONVERSION = YES;
				CLANG_WARN_INFINITE_RECURSION = YES;
				CLANG_WARN_INT_CONVERSION = YES;
				CLANG_WARN_NON_LITERAL_NULL_CONVERSION = YES;
				CLANG_WARN_OBJC_IMPLICIT_RETAIN_SELF = YES;
				CLANG_WARN_OBJC_LITERAL_CONVERSION = YES;
				CLANG_WARN_OBJC_ROOT_CLASS = YES_ERROR;
				CLANG_WARN_QUOTED_INCLUDE_IN_FRAMEWORK_HEADER = YES;
				CLANG_WARN_RANGE_LOOP_ANALYSIS = YES;
				CLANG_WARN_STRICT_PROTOTYPES = YES;
				CLANG_WARN_SUSPICIOUS_MOVE = YES;
				CLANG_WARN_UNGUARDED_AVAILABILITY = YES_AGGRESSIVE;
				CLANG_WARN_UNREACHABLE_CODE = YES;
				CLANG_WARN__DUPLICATE_METHOD_MATCH = YES;
				COPY_PHASE_STRIP = NO;
				DEBUG_INFORMATION_FORMAT = dwarf;
				ENABLE_STRICT_OBJC_MSGSEND = YES;
				ENABLE_TESTABILITY = YES;
				GCC_C_LANGUAGE_STANDARD = gnu11;
				GCC_DYNAMIC_NO_PIC = NO;
				GCC_NO_COMMON_BLOCKS = YES;
				GCC_OPTIMIZATION_LEVEL = 0;
				GCC_PREPROCESSOR_DEFINITIONS = (
					"DEBUG=1",
					"$(inherited)",
				);
				GCC_WARN_64_TO_32_BIT_CONVERSION = YES;
				GCC_WARN_ABOUT_RETURN_TYPE = YES_ERROR;
				GCC_WARN_UNDECLARED_SELECTOR = YES;
				GCC_WARN_UNINITIALIZED_AUTOS = YES_AGGRESSIVE;
				GCC_WARN_UNUSED_FUNCTION = YES;
				GCC_WARN_UNUSED_VARIABLE = YES;
				IPHONEOS_DEPLOYMENT_TARGET = 16.2;
				MTL_ENABLE_DEBUG_INFO = INCLUDE_SOURCE;
				MTL_FAST_MATH = YES;
				ONLY_ACTIVE_ARCH = YES;
				SDKROOT = iphoneos;
				SWIFT_ACTIVE_COMPILATION_CONDITIONS = DEBUG;
				SWIFT_OPTIMIZATION_LEVEL = "-Onone";
			};
			name = Debug;
		};
		493912AD2D966ABB004BD81A /* Release */ = {
			isa = XCBuildConfiguration;
			buildSettings = {
				ALWAYS_SEARCH_USER_PATHS = NO;
				CLANG_ANALYZER_NONNULL = YES;
				CLANG_ANALYZER_NUMBER_OBJECT_CONVERSION = YES_AGGRESSIVE;
				CLANG_CXX_LANGUAGE_STANDARD = "gnu++20";
				CLANG_ENABLE_MODULES = YES;
				CLANG_ENABLE_OBJC_ARC = YES;
				CLANG_ENABLE_OBJC_WEAK = YES;
				CLANG_WARN_BLOCK_CAPTURE_AUTORELEASING = YES;
				CLANG_WARN_BOOL_CONVERSION = YES;
				CLANG_WARN_COMMA = YES;
				CLANG_WARN_CONSTANT_CONVERSION = YES;
				CLANG_WARN_DEPRECATED_OBJC_IMPLEMENTATIONS = YES;
				CLANG_WARN_DIRECT_OBJC_ISA_USAGE = YES_ERROR;
				CLANG_WARN_DOCUMENTATION_COMMENTS = YES;
				CLANG_WARN_EMPTY_BODY = YES;
				CLANG_WARN_ENUM_CONVERSION = YES;
				CLANG_WARN_INFINITE_RECURSION = YES;
				CLANG_WARN_INT_CONVERSION = YES;
				CLANG_WARN_NON_LITERAL_NULL_CONVERSION = YES;
				CLANG_WARN_OBJC_IMPLICIT_RETAIN_SELF = YES;
				CLANG_WARN_OBJC_LITERAL_CONVERSION = YES;
				CLANG_WARN_OBJC_ROOT_CLASS = YES_ERROR;
				CLANG_WARN_QUOTED_INCLUDE_IN_FRAMEWORK_HEADER = YES;
				CLANG_WARN_RANGE_LOOP_ANALYSIS = YES;
				CLANG_WARN_STRICT_PROTOTYPES = YES;
				CLANG_WARN_SUSPICIOUS_MOVE = YES;
				CLANG_WARN_UNGUARDED_AVAILABILITY = YES_AGGRESSIVE;
				CLANG_WARN_UNREACHABLE_CODE = YES;
				CLANG_WARN__DUPLICATE_METHOD_MATCH = YES;
				COPY_PHASE_STRIP = NO;
				DEBUG_INFORMATION_FORMAT = "dwarf-with-dsym";
				ENABLE_NS_ASSERTIONS = NO;
				ENABLE_STRICT_OBJC_MSGSEND = YES;
				GCC_C_LANGUAGE_STANDARD = gnu11;
				GCC_NO_COMMON_BLOCKS = YES;
				GCC_WARN_64_TO_32_BIT_CONVERSION = YES;
				GCC_WARN_ABOUT_RETURN_TYPE = YES_ERROR;
				GCC_WARN_UNDECLARED_SELECTOR = YES;
				GCC_WARN_UNINITIALIZED_AUTOS = YES_AGGRESSIVE;
				GCC_WARN_UNUSED_FUNCTION = YES;
				GCC_WARN_UNUSED_VARIABLE = YES;
				IPHONEOS_DEPLOYMENT_TARGET = 16.2;
				MTL_ENABLE_DEBUG_INFO = NO;
				MTL_FAST_MATH = YES;
				SDKROOT = iphoneos;
				SWIFT_COMPILATION_MODE = wholemodule;
				SWIFT_OPTIMIZATION_LEVEL = "-O";
				VALIDATE_PRODUCT = YES;
			};
			name = Release;
		};
		493912AF2D966ABB004BD81A /* Debug */ = {
			isa = XCBuildConfiguration;
			buildSettings = {
				ASSETCATALOG_COMPILER_APPICON_NAME = AppIcon;
				ASSETCATALOG_COMPILER_GLOBAL_ACCENT_COLOR_NAME = AccentColor;
				CODE_SIGN_STYLE = Automatic;
				CURRENT_PROJECT_VERSION = 1;
				DEVELOPMENT_ASSET_PATHS = "\"OFRT_Swift/Preview Content\"";
				DEVELOPMENT_TEAM = "";
				ENABLE_PREVIEWS = YES;
				GENERATE_INFOPLIST_FILE = YES;
				INFOPLIST_KEY_UIApplicationSceneManifest_Generation = NO;
				INFOPLIST_KEY_UIApplicationSupportsIndirectInputEvents = YES;
				INFOPLIST_KEY_UILaunchScreen_Generation = YES;
				INFOPLIST_KEY_UISupportedInterfaceOrientations_iPad = "UIInterfaceOrientationPortrait UIInterfaceOrientationPortraitUpsideDown UIInterfaceOrientationLandscapeLeft UIInterfaceOrientationLandscapeRight";
				INFOPLIST_KEY_UISupportedInterfaceOrientations_iPhone = "UIInterfaceOrientationPortrait UIInterfaceOrientationLandscapeLeft UIInterfaceOrientationLandscapeRight";
				LD_RUNPATH_SEARCH_PATHS = (
					"$(inherited)",
					"@executable_path/Frameworks",
				);
				MARKETING_VERSION = 1.0;
				PRODUCT_BUNDLE_IDENTIFIER = "base.OFRT-Swift";
				PRODUCT_NAME = "$(TARGET_NAME)";
				SWIFT_EMIT_LOC_STRINGS = YES;
				SWIFT_VERSION = 5.0;
				TARGETED_DEVICE_FAMILY = "1,2";
			};
			name = Debug;
		};
		493912B02D966ABB004BD81A /* Release */ = {
			isa = XCBuildConfiguration;
			buildSettings = {
				ASSETCATALOG_COMPILER_APPICON_NAME = AppIcon;
				ASSETCATALOG_COMPILER_GLOBAL_ACCENT_COLOR_NAME = AccentColor;
				CODE_SIGN_STYLE = Automatic;
				CURRENT_PROJECT_VERSION = 1;
				DEVELOPMENT_ASSET_PATHS = "\"OFRT_Swift/Preview Content\"";
				DEVELOPMENT_TEAM = "";
				ENABLE_PREVIEWS = YES;
				GENERATE_INFOPLIST_FILE = YES;
				INFOPLIST_KEY_UIApplicationSceneManifest_Generation = NO;
				INFOPLIST_KEY_UIApplicationSupportsIndirectInputEvents = YES;
				INFOPLIST_KEY_UILaunchScreen_Generation = YES;
				INFOPLIST_KEY_UISupportedInterfaceOrientations_iPad = "UIInterfaceOrientationPortrait UIInterfaceOrientationPortraitUpsideDown UIInterfaceOrientationLandscapeLeft UIInterfaceOrientationLandscapeRight";
				INFOPLIST_KEY_UISupportedInterfaceOrientations_iPhone = "UIInterfaceOrientationPortrait UIInterfaceOrientationLandscapeLeft UIInterfaceOrientationLandscapeRight";
				LD_RUNPATH_SEARCH_PATHS = (
					"$(inherited)",
					"@executable_path/Frameworks",
				);
				MARKETING_VERSION = 1.0;
				PRODUCT_BUNDLE_IDENTIFIER = "base.OFRT-Swift";
				PRODUCT_NAME = "$(TARGET_NAME)";
				SWIFT_EMIT_LOC_STRINGS = YES;
				SWIFT_VERSION = 5.0;
				TARGETED_DEVICE_FAMILY = "1,2";
			};
			name = Release;
		};
		493912B22D966ABB004BD81A /* Debug */ = {
			isa = XCBuildConfiguration;
			buildSettings = {
				ALWAYS_EMBED_SWIFT_STANDARD_LIBRARIES = YES;
				BUNDLE_LOADER = "$(TEST_HOST)";
				CODE_SIGN_STYLE = Automatic;
				CURRENT_PROJECT_VERSION = 1;
				DEVELOPMENT_TEAM = AU865NS249;
				GENERATE_INFOPLIST_FILE = YES;
				IPHONEOS_DEPLOYMENT_TARGET = 16.2;
				MARKETING_VERSION = 1.0;
				PRODUCT_BUNDLE_IDENTIFIER = "base.OFRT-SwiftTests";
				PRODUCT_NAME = "$(TARGET_NAME)";
				SWIFT_EMIT_LOC_STRINGS = NO;
				SWIFT_VERSION = 5.0;
				TARGETED_DEVICE_FAMILY = "1,2";
				TEST_HOST = "$(BUILT_PRODUCTS_DIR)/OFRT_Swift.app/$(BUNDLE_EXECUTABLE_FOLDER_PATH)/OFRT_Swift";
			};
			name = Debug;
		};
		493912B32D966ABB004BD81A /* Release */ = {
			isa = XCBuildConfiguration;
			buildSettings = {
				ALWAYS_EMBED_SWIFT_STANDARD_LIBRARIES = YES;
				BUNDLE_LOADER = "$(TEST_HOST)";
				CODE_SIGN_STYLE = Automatic;
				CURRENT_PROJECT_VERSION = 1;
				DEVELOPMENT_TEAM = AU865NS249;
				GENERATE_INFOPLIST_FILE = YES;
				IPHONEOS_DEPLOYMENT_TARGET = 16.2;
				MARKETING_VERSION = 1.0;
				PRODUCT_BUNDLE_IDENTIFIER = "base.OFRT-SwiftTests";
				PRODUCT_NAME = "$(TARGET_NAME)";
				SWIFT_EMIT_LOC_STRINGS = NO;
				SWIFT_VERSION = 5.0;
				TARGETED_DEVICE_FAMILY = "1,2";
				TEST_HOST = "$(BUILT_PRODUCTS_DIR)/OFRT_Swift.app/$(BUNDLE_EXECUTABLE_FOLDER_PATH)/OFRT_Swift";
			};
			name = Release;
		};
		493912B52D966ABB004BD81A /* Debug */ = {
			isa = XCBuildConfiguration;
			buildSettings = {
				ALWAYS_EMBED_SWIFT_STANDARD_LIBRARIES = YES;
				CODE_SIGN_STYLE = Automatic;
				CURRENT_PROJECT_VERSION = 1;
				DEVELOPMENT_TEAM = AU865NS249;
				GENERATE_INFOPLIST_FILE = YES;
				MARKETING_VERSION = 1.0;
				PRODUCT_BUNDLE_IDENTIFIER = "base.OFRT-SwiftUITests";
				PRODUCT_NAME = "$(TARGET_NAME)";
				SWIFT_EMIT_LOC_STRINGS = NO;
				SWIFT_VERSION = 5.0;
				TARGETED_DEVICE_FAMILY = "1,2";
				TEST_TARGET_NAME = OFRT_Swift;
			};
			name = Debug;
		};
		493912B62D966ABB004BD81A /* Release */ = {
			isa = XCBuildConfiguration;
			buildSettings = {
				ALWAYS_EMBED_SWIFT_STANDARD_LIBRARIES = YES;
				CODE_SIGN_STYLE = Automatic;
				CURRENT_PROJECT_VERSION = 1;
				DEVELOPMENT_TEAM = AU865NS249;
				GENERATE_INFOPLIST_FILE = YES;
				MARKETING_VERSION = 1.0;
				PRODUCT_BUNDLE_IDENTIFIER = "base.OFRT-SwiftUITests";
				PRODUCT_NAME = "$(TARGET_NAME)";
				SWIFT_EMIT_LOC_STRINGS = NO;
				SWIFT_VERSION = 5.0;
				TARGETED_DEVICE_FAMILY = "1,2";
				TEST_TARGET_NAME = OFRT_Swift;
			};
			name = Release;
		};
/* End XCBuildConfiguration section */

/* Begin XCConfigurationList section */
		493912852D966AB6004BD81A /* Build configuration list for PBXProject "OFRT_Swift" */ = {
			isa = XCConfigurationList;
			buildConfigurations = (
				493912AC2D966ABB004BD81A /* Debug */,
				493912AD2D966ABB004BD81A /* Release */,
			);
			defaultConfigurationIsVisible = 0;
			defaultConfigurationName = Release;
		};
		493912AE2D966ABB004BD81A /* Build configuration list for PBXNativeTarget "OFRT_Swift" */ = {
			isa = XCConfigurationList;
			buildConfigurations = (
				493912AF2D966ABB004BD81A /* Debug */,
				493912B02D966ABB004BD81A /* Release */,
			);
			defaultConfigurationIsVisible = 0;
			defaultConfigurationName = Release;
		};
		493912B12D966ABB004BD81A /* Build configuration list for PBXNativeTarget "OFRT_SwiftTests" */ = {
			isa = XCConfigurationList;
			buildConfigurations = (
				493912B22D966ABB004BD81A /* Debug */,
				493912B32D966ABB004BD81A /* Release */,
			);
			defaultConfigurationIsVisible = 0;
			defaultConfigurationName = Release;
		};
		493912B42D966ABB004BD81A /* Build configuration list for PBXNativeTarget "OFRT_SwiftUITests" */ = {
			isa = XCConfigurationList;
			buildConfigurations = (
				493912B52D966ABB004BD81A /* Debug */,
				493912B62D966ABB004BD81A /* Release */,
			);
			defaultConfigurationIsVisible = 0;
			defaultConfigurationName = Release;
		};
/* End XCConfigurationList section */
	};
	rootObject = 493912822D966AB6004BD81A /* Project object */;
}
